
Microsoft Visual Studio Solution File, Format Version 12.00
# Visual Studio Version 17
VisualStudioVersion = 17.3.32922.545
MinimumVisualStudioVersion = 10.0.40219.1
Project("{FAE04EC0-301F-11D3-BF4B-00C04F79EFBC}") = "Calculadora_Simples", "Calculadora_Simples\Calculadora_Simples.csproj", "{180335BD-8242-4404-9F2C-A1E80E41D0FE}"
EndProject
Global
	GlobalSection(SolutionConfigurationPlatforms) = preSolution
		Debug|Any CPU = Debug|Any CPU
		Release|Any CPU = Release|Any CPU
	EndGlobalSection
	GlobalSection(ProjectConfigurationPlatforms) = postSolution
		{180335BD-8242-4404-9F2C-A1E80E41D0FE}.Debug|Any CPU.ActiveCfg = Debug|Any CPU
		{180335BD-8242-4404-9F2C-A1E80E41D0FE}.Debug|Any CPU.Build.0 = Debug|Any CPU
		{180335BD-8242-4404-9F2C-A1E80E41D0FE}.Release|Any CPU.ActiveCfg = Release|Any CPU
		{180335BD-8242-4404-9F2C-A1E80E41D0FE}.Release|Any CPU.Build.0 = Release|Any CPU
	EndGlobalSection
	GlobalSection(SolutionProperties) = preSolution
		HideSolutionNode = FALSE
	EndGlobalSection
	GlobalSection(ExtensibilityGlobals) = postSolution
		SolutionGuid = {0ED60FA3-6F2E-4D2E-BAB1-B706530D6E8F}
	EndGlobalSection
EndGlobal
